
Microsoft Visual Studio Solution File, Format Version 12.00
# Visual Studio Version 16
VisualStudioVersion = 16.0.32630.194
MinimumVisualStudioVersion = 10.0.40219.1
Project("{FAE04EC0-301F-11D3-BF4B-00C04F79EFBC}") = "DemoMigration", "DemoMigration\DemoMigration.csproj", "{B6D17FCF-7E74-4051-82AA-5621B1EA9F47}"
EndProject
Global
	GlobalSection(SolutionConfigurationPlatforms) = preSolution
		Debug|Any CPU = Debug|Any CPU
		Release|Any CPU = Release|Any CPU
	EndGlobalSection
	GlobalSection(ProjectConfigurationPlatforms) = postSolution
		{B6D17FCF-7E74-4051-82AA-5621B1EA9F47}.Debug|Any CPU.ActiveCfg = Debug|Any CPU
		{B6D17FCF-7E74-4051-82AA-5621B1EA9F47}.Debug|Any CPU.Build.0 = Debug|Any CPU
		{B6D17FCF-7E74-4051-82AA-5621B1EA9F47}.Release|Any CPU.ActiveCfg = Release|Any CPU
		{B6D17FCF-7E74-4051-82AA-5621B1EA9F47}.Release|Any CPU.Build.0 = Release|Any CPU
	EndGlobalSection
	GlobalSection(SolutionProperties) = preSolution
		HideSolutionNode = FALSE
	EndGlobalSection
	GlobalSection(ExtensibilityGlobals) = postSolution
		SolutionGuid = {E22CDF85-1E90-4D37-88BA-F06C8A7E5256}
	EndGlobalSection
EndGlobal
